// !$*UTF8*$!
{
	archiveVersion = 1;
	classes = {
	};
	objectVersion = 46;
	objects = {

/* Begin PBXBuildFile section */
		E24B1FA117C9FD1500CD475A /* UIKit.framework in Frameworks */ = {isa = PBXBuildFile; fileRef = E24B1FA017C9FD1500CD475A /* UIKit.framework */; };
		E24B1FA317C9FD1500CD475A /* Foundation.framework in Frameworks */ = {isa = PBXBuildFile; fileRef = E24B1FA217C9FD1500CD475A /* Foundation.framework */; };
		E24B1FA517C9FD1500CD475A /* CoreGraphics.framework in Frameworks */ = {isa = PBXBuildFile; fileRef = E24B1FA417C9FD1500CD475A /* CoreGraphics.framework */; };
		E24B1FAB17C9FD1500CD475A /* InfoPlist.strings in Resources */ = {isa = PBXBuildFile; fileRef = E24B1FA917C9FD1500CD475A /* InfoPlist.strings */; };
		E24B1FAD17C9FD1500CD475A /* main.m in Sources */ = {isa = PBXBuildFile; fileRef = E24B1FAC17C9FD1500CD475A /* main.m */; };
		E24B1FB117C9FD1500CD475A /* iOSAPAppDelegate.m in Sources */ = {isa = PBXBuildFile; fileRef = E24B1FB017C9FD1500CD475A /* iOSAPAppDelegate.m */; };
		E24B1FB317C9FD1500CD475A /* Default.png in Resources */ = {isa = PBXBuildFile; fileRef = E24B1FB217C9FD1500CD475A /* Default.png */; };
		E24B1FB517C9FD1500CD475A /* Default@2x.png in Resources */ = {isa = PBXBuildFile; fileRef = E24B1FB417C9FD1500CD475A /* Default@2x.png */; };
		E24B1FB717C9FD1500CD475A /* Default-568h@2x.png in Resources */ = {isa = PBXBuildFile; fileRef = E24B1FB617C9FD1500CD475A /* Default-568h@2x.png */; };
		E24B1FBA17C9FD1500CD475A /* iOSAPViewController.mm in Sources */ = {isa = PBXBuildFile; fileRef = E24B1FB917C9FD1500CD475A /* iOSAPViewController.mm */; };
		E24B1FBD17C9FD1500CD475A /* iOSAPViewController.xib in Resources */ = {isa = PBXBuildFile; fileRef = E24B1FBB17C9FD1500CD475A /* iOSAPViewController.xib */; };
		E2B7B7C717CE3C61006021BA /* SimpleCalculator.cpp in Sources */ = {isa = PBXBuildFile; fileRef = E2B7B7C517CE3C61006021BA /* SimpleCalculator.cpp */; };
/* End PBXBuildFile section */

/* Begin PBXFileReference section */
		E24B1F9D17C9FD1500CD475A /* SimpleBlock.app */ = {isa = PBXFileReference; explicitFileType = wrapper.application; includeInIndex = 0; path = SimpleBlock.app; sourceTree = BUILT_PRODUCTS_DIR; };
		E24B1FA017C9FD1500CD475A /* UIKit.framework */ = {isa = PBXFileReference; lastKnownFileType = wrapper.framework; name = UIKit.framework; path = System/Library/Frameworks/UIKit.framework; sourceTree = SDKROOT; };
		E24B1FA217C9FD1500CD475A /* Foundation.framework */ = {isa = PBXFileReference; lastKnownFileType = wrapper.framework; name = Foundation.framework; path = System/Library/Frameworks/Foundation.framework; sourceTree = SDKROOT; };
		E24B1FA417C9FD1500CD475A /* CoreGraphics.framework */ = {isa = PBXFileReference; lastKnownFileType = wrapper.framework; name = CoreGraphics.framework; path = System/Library/Frameworks/CoreGraphics.framework; sourceTree = SDKROOT; };
		E24B1FA817C9FD1500CD475A /* SimpleBlock-Info.plist */ = {isa = PBXFileReference; lastKnownFileType = text.plist.xml; path = "SimpleBlock-Info.plist"; sourceTree = "<group>"; };
		E24B1FAA17C9FD1500CD475A /* en */ = {isa = PBXFileReference; lastKnownFileType = text.plist.strings; name = en; path = en.lproj/InfoPlist.strings; sourceTree = "<group>"; };
		E24B1FAC17C9FD1500CD475A /* main.m */ = {isa = PBXFileReference; lastKnownFileType = sourcecode.c.objc; path = main.m; sourceTree = "<group>"; };
		E24B1FAE17C9FD1500CD475A /* SimpleBlock-Prefix.pch */ = {isa = PBXFileReference; lastKnownFileType = sourcecode.c.h; path = "SimpleBlock-Prefix.pch"; sourceTree = "<group>"; };
		E24B1FAF17C9FD1500CD475A /* iOSAPAppDelegate.h */ = {isa = PBXFileReference; lastKnownFileType = sourcecode.c.h; path = iOSAPAppDelegate.h; sourceTree = "<group>"; };
		E24B1FB017C9FD1500CD475A /* iOSAPAppDelegate.m */ = {isa = PBXFileReference; lastKnownFileType = sourcecode.c.objc; path = iOSAPAppDelegate.m; sourceTree = "<group>"; };
		E24B1FB217C9FD1500CD475A /* Default.png */ = {isa = PBXFileReference; lastKnownFileType = image.png; path = Default.png; sourceTree = "<group>"; };
		E24B1FB417C9FD1500CD475A /* Default@2x.png */ = {isa = PBXFileReference; lastKnownFileType = image.png; path = "Default@2x.png"; sourceTree = "<group>"; };
		E24B1FB617C9FD1500CD475A /* Default-568h@2x.png */ = {isa = PBXFileReference; lastKnownFileType = image.png; path = "Default-568h@2x.png"; sourceTree = "<group>"; };
		E24B1FB817C9FD1500CD475A /* iOSAPViewController.h */ = {isa = PBXFileReference; lastKnownFileType = sourcecode.c.h; path = iOSAPViewController.h; sourceTree = "<group>"; };
		E24B1FB917C9FD1500CD475A /* iOSAPViewController.mm */ = {isa = PBXFileReference; lastKnownFileType = sourcecode.cpp.objcpp; path = iOSAPViewController.mm; sourceTree = "<group>"; };
		E24B1FBC17C9FD1500CD475A /* en */ = {isa = PBXFileReference; lastKnownFileType = file.xib; name = en; path = en.lproj/iOSAPViewController.xib; sourceTree = "<group>"; };
		E2B7B7C517CE3C61006021BA /* SimpleCalculator.cpp */ = {isa = PBXFileReference; fileEncoding = 4; lastKnownFileType = sourcecode.cpp.cpp; path = SimpleCalculator.cpp; sourceTree = "<group>"; };
		E2B7B7C617CE3C61006021BA /* SimpleCalculator.h */ = {isa = PBXFileReference; fileEncoding = 4; lastKnownFileType = sourcecode.c.h; path = SimpleCalculator.h; sourceTree = "<group>"; };
/* End PBXFileReference section */

/* Begin PBXFrameworksBuildPhase section */
		E24B1F9A17C9FD1500CD475A /* Frameworks */ = {
			isa = PBXFrameworksBuildPhase;
			buildActionMask = 2147483647;
			files = (
				E24B1FA117C9FD1500CD475A /* UIKit.framework in Frameworks */,
				E24B1FA317C9FD1500CD475A /* Foundation.framework in Frameworks */,
				E24B1FA517C9FD1500CD475A /* CoreGraphics.framework in Frameworks */,
			);
			runOnlyForDeploymentPostprocessing = 0;
		};
/* End PBXFrameworksBuildPhase section */

/* Begin PBXGroup section */
		E24B1F9417C9FD1500CD475A = {
			isa = PBXGroup;
			children = (
				E24B1FA617C9FD1500CD475A /* SimpleBlock */,
				E24B1F9F17C9FD1500CD475A /* Frameworks */,
				E24B1F9E17C9FD1500CD475A /* Products */,
			);
			sourceTree = "<group>";
		};
		E24B1F9E17C9FD1500CD475A /* Products */ = {
			isa = PBXGroup;
			children = (
				E24B1F9D17C9FD1500CD475A /* SimpleBlock.app */,
			);
			name = Products;
			sourceTree = "<group>";
		};
		E24B1F9F17C9FD1500CD475A /* Frameworks */ = {
			isa = PBXGroup;
			children = (
				E24B1FA017C9FD1500CD475A /* UIKit.framework */,
				E24B1FA217C9FD1500CD475A /* Foundation.framework */,
				E24B1FA417C9FD1500CD475A /* CoreGraphics.framework */,
			);
			name = Frameworks;
			sourceTree = "<group>";
		};
		E24B1FA617C9FD1500CD475A /* SimpleBlock */ = {
			isa = PBXGroup;
			children = (
				E24B1FAF17C9FD1500CD475A /* iOSAPAppDelegate.h */,
				E24B1FB017C9FD1500CD475A /* iOSAPAppDelegate.m */,
				E24B1FB817C9FD1500CD475A /* iOSAPViewController.h */,
				E24B1FB917C9FD1500CD475A /* iOSAPViewController.mm */,
				E24B1FBB17C9FD1500CD475A /* iOSAPViewController.xib */,
				E2B7B7C617CE3C61006021BA /* SimpleCalculator.h */,
				E2B7B7C517CE3C61006021BA /* SimpleCalculator.cpp */,
				E24B1FA717C9FD1500CD475A /* Supporting Files */,
			);
			path = SimpleBlock;
			sourceTree = "<group>";
		};
		E24B1FA717C9FD1500CD475A /* Supporting Files */ = {
			isa = PBXGroup;
			children = (
				E24B1FA817C9FD1500CD475A /* SimpleBlock-Info.plist */,
				E24B1FA917C9FD1500CD475A /* InfoPlist.strings */,
				E24B1FAC17C9FD1500CD475A /* main.m */,
				E24B1FAE17C9FD1500CD475A /* SimpleBlock-Prefix.pch */,
				E24B1FB217C9FD1500CD475A /* Default.png */,
				E24B1FB417C9FD1500CD475A /* Default@2x.png */,
				E24B1FB617C9FD1500CD475A /* Default-568h@2x.png */,
			);
			name = "Supporting Files";
			sourceTree = "<group>";
		};
/* End PBXGroup section */

/* Begin PBXNativeTarget section */
		E24B1F9C17C9FD1500CD475A /* SimpleBlock */ = {
			isa = PBXNativeTarget;
			buildConfigurationList = E24B1FC017C9FD1500CD475A /* Build configuration list for PBXNativeTarget "SimpleBlock" */;
			buildPhases = (
				E24B1F9917C9FD1500CD475A /* Sources */,
				E24B1F9A17C9FD1500CD475A /* Frameworks */,
				E24B1F9B17C9FD1500CD475A /* Resources */,
			);
			buildRules = (
			);
			dependencies = (
			);
			name = SimpleBlock;
			productName = SimpleBlock;
			productReference = E24B1F9D17C9FD1500CD475A /* SimpleBlock.app */;
			productType = "com.apple.product-type.application";
		};
/* End PBXNativeTarget section */

/* Begin PBXProject section */
		E24B1F9517C9FD1500CD475A /* Project object */ = {
			isa = PBXProject;
			attributes = {
				CLASSPREFIX = iOSAP;
				LastUpgradeCheck = 0460;
				ORGANIZATIONNAME = yangzigang;
			};
			buildConfigurationList = E24B1F9817C9FD1500CD475A /* Build configuration list for PBXProject "SimpleBlock" */;
			compatibilityVersion = "Xcode 3.2";
			developmentRegion = English;
			hasScannedForEncodings = 0;
			knownRegions = (
				en,
			);
			mainGroup = E24B1F9417C9FD1500CD475A;
			productRefGroup = E24B1F9E17C9FD1500CD475A /* Products */;
			projectDirPath = "";
			projectRoot = "";
			targets = (
				E24B1F9C17C9FD1500CD475A /* SimpleBlock */,
			);
		};
/* End PBXProject section */

/* Begin PBXResourcesBuildPhase section */
		E24B1F9B17C9FD1500CD475A /* Resources */ = {
			isa = PBXResourcesBuildPhase;
			buildActionMask = 2147483647;
			files = (
				E24B1FAB17C9FD1500CD475A /* InfoPlist.strings in Resources */,
				E24B1FB317C9FD1500CD475A /* Default.png in Resources */,
				E24B1FB517C9FD1500CD475A /* Default@2x.png in Resources */,
				E24B1FB717C9FD1500CD475A /* Default-568h@2x.png in Resources */,
				E24B1FBD17C9FD1500CD475A /* iOSAPViewController.xib in Resources */,
			);
			runOnlyForDeploymentPostprocessing = 0;
		};
/* End PBXResourcesBuildPhase section */

/* Begin PBXSourcesBuildPhase section */
		E24B1F9917C9FD1500CD475A /* Sources */ = {
			isa = PBXSourcesBuildPhase;
			buildActionMask = 2147483647;
			files = (
				E24B1FAD17C9FD1500CD475A /* main.m in Sources */,
				E24B1FB117C9FD1500CD475A /* iOSAPAppDelegate.m in Sources */,
				E24B1FBA17C9FD1500CD475A /* iOSAPViewController.mm in Sources */,
				E2B7B7C717CE3C61006021BA /* SimpleCalculator.cpp in Sources */,
			);
			runOnlyForDeploymentPostprocessing = 0;
		};
/* End PBXSourcesBuildPhase section */

/* Begin PBXVariantGroup section */
		E24B1FA917C9FD1500CD475A /* InfoPlist.strings */ = {
			isa = PBXVariantGroup;
			children = (
				E24B1FAA17C9FD1500CD475A /* en */,
			);
			name = InfoPlist.strings;
			sourceTree = "<group>";
		};
		E24B1FBB17C9FD1500CD475A /* iOSAPViewController.xib */ = {
			isa = PBXVariantGroup;
			children = (
				E24B1FBC17C9FD1500CD475A /* en */,
			);
			name = iOSAPViewController.xib;
			sourceTree = "<group>";
		};
/* End PBXVariantGroup section */

/* Begin XCBuildConfiguration section */
		E24B1FBE17C9FD1500CD475A /* Debug */ = {
			isa = XCBuildConfiguration;
			buildSettings = {
				ALWAYS_SEARCH_USER_PATHS = NO;
				CLANG_CXX_LANGUAGE_STANDARD = "gnu++0x";
				CLANG_CXX_LIBRARY = "libc++";
				CLANG_WARN_CONSTANT_CONVERSION = YES;
				CLANG_WARN_EMPTY_BODY = YES;
				CLANG_WARN_ENUM_CONVERSION = YES;
				CLANG_WARN_INT_CONVERSION = YES;
				CLANG_WARN__DUPLICATE_METHOD_MATCH = YES;
				"CODE_SIGN_IDENTITY[sdk=iphoneos*]" = "iPhone Developer";
				COPY_PHASE_STRIP = NO;
				GCC_C_LANGUAGE_STANDARD = gnu99;
				GCC_DYNAMIC_NO_PIC = NO;
				GCC_OPTIMIZATION_LEVEL = 0;
				GCC_PREPROCESSOR_DEFINITIONS = (
					"DEBUG=1",
					"$(inherited)",
				);
				GCC_SYMBOLS_PRIVATE_EXTERN = NO;
				GCC_WARN_ABOUT_RETURN_TYPE = YES;
				GCC_WARN_UNINITIALIZED_AUTOS = YES;
				GCC_WARN_UNUSED_VARIABLE = YES;
				IPHONEOS_DEPLOYMENT_TARGET = 6.1;
				ONLY_ACTIVE_ARCH = YES;
				SDKROOT = iphoneos;
			};
			name = Debug;
		};
		E24B1FBF17C9FD1500CD475A /* Release */ = {
			isa = XCBuildConfiguration;
			buildSettings = {
				ALWAYS_SEARCH_USER_PATHS = NO;
				CLANG_CXX_LANGUAGE_STANDARD = "gnu++0x";
				CLANG_CXX_LIBRARY = "libc++";
				CLANG_WARN_CONSTANT_CONVERSION = YES;
				CLANG_WARN_EMPTY_BODY = YES;
				CLANG_WARN_ENUM_CONVERSION = YES;
				CLANG_WARN_INT_CONVERSION = YES;
				CLANG_WARN__DUPLICATE_METHOD_MATCH = YES;
				"CODE_SIGN_IDENTITY[sdk=iphoneos*]" = "iPhone Developer";
				COPY_PHASE_STRIP = YES;
				GCC_C_LANGUAGE_STANDARD = gnu99;
				GCC_WARN_ABOUT_RETURN_TYPE = YES;
				GCC_WARN_UNINITIALIZED_AUTOS = YES;
				GCC_WARN_UNUSED_VARIABLE = YES;
				IPHONEOS_DEPLOYMENT_TARGET = 6.1;
				OTHER_CFLAGS = "-DNS_BLOCK_ASSERTIONS=1";
				SDKROOT = iphoneos;
				VALIDATE_PRODUCT = YES;
			};
			name = Release;
		};
		E24B1FC117C9FD1500CD475A /* Debug */ = {
			isa = XCBuildConfiguration;
			buildSettings = {
				GCC_PRECOMPILE_PREFIX_HEADER = YES;
				GCC_PREFIX_HEADER = "SimpleBlock/SimpleBlock-Prefix.pch";
				INFOPLIST_FILE = "SimpleBlock/SimpleBlock-Info.plist";
				PRODUCT_NAME = "$(TARGET_NAME)";
				WRAPPER_EXTENSION = app;
			};
			name = Debug;
		};
		E24B1FC217C9FD1500CD475A /* Release */ = {
			isa = XCBuildConfiguration;
			buildSettings = {
				GCC_PRECOMPILE_PREFIX_HEADER = YES;
				GCC_PREFIX_HEADER = "SimpleBlock/SimpleBlock-Prefix.pch";
				INFOPLIST_FILE = "SimpleBlock/SimpleBlock-Info.plist";
				PRODUCT_NAME = "$(TARGET_NAME)";
				WRAPPER_EXTENSION = app;
			};
			name = Release;
		};
/* End XCBuildConfiguration section */

/* Begin XCConfigurationList section */
		E24B1F9817C9FD1500CD475A /* Build configuration list for PBXProject "SimpleBlock" */ = {
			isa = XCConfigurationList;
			buildConfigurations = (
				E24B1FBE17C9FD1500CD475A /* Debug */,
				E24B1FBF17C9FD1500CD475A /* Release */,
			);
			defaultConfigurationIsVisible = 0;
			defaultConfigurationName = Release;
		};
		E24B1FC017C9FD1500CD475A /* Build configuration list for PBXNativeTarget "SimpleBlock" */ = {
			isa = XCConfigurationList;
			buildConfigurations = (
				E24B1FC117C9FD1500CD475A /* Debug */,
				E24B1FC217C9FD1500CD475A /* Release */,
			);
			defaultConfigurationIsVisible = 0;
			defaultConfigurationName = Release;
		};
/* End XCConfigurationList section */
	};
	rootObject = E24B1F9517C9FD1500CD475A /* Project object */;
}
